
Microsoft Visual Studio Solution File, Format Version 12.00
# Visual Studio Version 17
VisualStudioVersion = 17.12.35707.178 d17.12
MinimumVisualStudioVersion = 10.0.40219.1
Project("{FAE04EC0-301F-11D3-BF4B-00C04F79EFBC}") = "lab6.App(Miftiev)", "lab6.App(Miftiev)\lab6.App(Miftiev).csproj", "{8237A89F-FD38-4695-92FA-444FB8C10C32}"
EndProject
Global
	GlobalSection(SolutionConfigurationPlatforms) = preSolution
		Debug|Any CPU = Debug|Any CPU
		Release|Any CPU = Release|Any CPU
	EndGlobalSection
	GlobalSection(ProjectConfigurationPlatforms) = postSolution
		{8237A89F-FD38-4695-92FA-444FB8C10C32}.Debug|Any CPU.ActiveCfg = Debug|Any CPU
		{8237A89F-FD38-4695-92FA-444FB8C10C32}.Debug|Any CPU.Build.0 = Debug|Any CPU
		{8237A89F-FD38-4695-92FA-444FB8C10C32}.Debug|Any CPU.Deploy.0 = Debug|Any CPU
		{8237A89F-FD38-4695-92FA-444FB8C10C32}.Release|Any CPU.ActiveCfg = Release|Any CPU
		{8237A89F-FD38-4695-92FA-444FB8C10C32}.Release|Any CPU.Build.0 = Release|Any CPU
		{8237A89F-FD38-4695-92FA-444FB8C10C32}.Release|Any CPU.Deploy.0 = Release|Any CPU
	EndGlobalSection
	GlobalSection(SolutionProperties) = preSolution
		HideSolutionNode = FALSE
	EndGlobalSection
EndGlobal
