
Microsoft Visual Studio Solution File, Format Version 12.00
# Visual Studio Version 17
VisualStudioVersion = 17.13.35617.110 d17.13
MinimumVisualStudioVersion = 10.0.40219.1
Project("{FAE04EC0-301F-11D3-BF4B-00C04F79EFBC}") = "WindowCreation(Miftiev)", "WindowCreation(Miftiev)\WindowCreation(Miftiev).csproj", "{2AB933F2-6DB3-4DD2-8385-45D2603E2311}"
EndProject
Global
	GlobalSection(SolutionConfigurationPlatforms) = preSolution
		Debug|Any CPU = Debug|Any CPU
		Release|Any CPU = Release|Any CPU
	EndGlobalSection
	GlobalSection(ProjectConfigurationPlatforms) = postSolution
		{2AB933F2-6DB3-4DD2-8385-45D2603E2311}.Debug|Any CPU.ActiveCfg = Debug|Any CPU
		{2AB933F2-6DB3-4DD2-8385-45D2603E2311}.Debug|Any CPU.Build.0 = Debug|Any CPU
		{2AB933F2-6DB3-4DD2-8385-45D2603E2311}.Release|Any CPU.ActiveCfg = Release|Any CPU
		{2AB933F2-6DB3-4DD2-8385-45D2603E2311}.Release|Any CPU.Build.0 = Release|Any CPU
	EndGlobalSection
	GlobalSection(SolutionProperties) = preSolution
		HideSolutionNode = FALSE
	EndGlobalSection
	GlobalSection(ExtensibilityGlobals) = postSolution
		SolutionGuid = {2E5B716D-5062-4DB8-995C-04019F26C390}
	EndGlobalSection
EndGlobal
